
Microsoft Visual Studio Solution File, Format Version 12.00
# Visual Studio Version 16
VisualStudioVersion = 16.0.30621.155
MinimumVisualStudioVersion = 10.0.40219.1
Project("{FAE04EC0-301F-11D3-BF4B-00C04F79EFBC}") = "Youtube-DL", "Youtube-DL.csproj", "{3ED91976-AC4D-4F69-B96D-0B8DFD36697B}"
EndProject
Global
	GlobalSection(SolutionConfigurationPlatforms) = preSolution
		Debug|Any CPU = Debug|Any CPU
		Release|Any CPU = Release|Any CPU
	EndGlobalSection
	GlobalSection(ProjectConfigurationPlatforms) = postSolution
		{3ED91976-AC4D-4F69-B96D-0B8DFD36697B}.Debug|Any CPU.ActiveCfg = Debug|Any CPU
		{3ED91976-AC4D-4F69-B96D-0B8DFD36697B}.Debug|Any CPU.Build.0 = Debug|Any CPU
		{3ED91976-AC4D-4F69-B96D-0B8DFD36697B}.Release|Any CPU.ActiveCfg = Release|Any CPU
		{3ED91976-AC4D-4F69-B96D-0B8DFD36697B}.Release|Any CPU.Build.0 = Release|Any CPU
	EndGlobalSection
	GlobalSection(SolutionProperties) = preSolution
		HideSolutionNode = FALSE
	EndGlobalSection
	GlobalSection(ExtensibilityGlobals) = postSolution
		SolutionGuid = {69F0CFDF-2158-4987-BF5E-345B9D189296}
	EndGlobalSection
EndGlobal
